
Microsoft Visual Studio Solution File, Format Version 12.00
# Visual Studio Version 16
VisualStudioVersion = 16.0.809.3
MinimumVisualStudioVersion = 10.0.40219.1
Project("{FAE04EC0-301F-11D3-BF4B-00C04F79EFBC}") = "EfDbFirstExample", "EfDbExample\EfDbFirstExample.csproj", "{A4D3BB8C-D903-4602-A84C-25D4AD7DFC9F}"
EndProject
Project("{FAE04EC0-301F-11D3-BF4B-00C04F79EFBC}") = "EfDbFirstExample.Domain", "EfDbFirstExample.Domain\EfDbFirstExample.Domain.csproj", "{97A047E9-29DD-473B-865D-79C25653B229}"
EndProject
Global
	GlobalSection(SolutionConfigurationPlatforms) = preSolution
		Debug|Any CPU = Debug|Any CPU
		Release|Any CPU = Release|Any CPU
	EndGlobalSection
	GlobalSection(ProjectConfigurationPlatforms) = postSolution
		{A4D3BB8C-D903-4602-A84C-25D4AD7DFC9F}.Debug|Any CPU.ActiveCfg = Debug|Any CPU
		{A4D3BB8C-D903-4602-A84C-25D4AD7DFC9F}.Debug|Any CPU.Build.0 = Debug|Any CPU
		{A4D3BB8C-D903-4602-A84C-25D4AD7DFC9F}.Release|Any CPU.ActiveCfg = Release|Any CPU
		{A4D3BB8C-D903-4602-A84C-25D4AD7DFC9F}.Release|Any CPU.Build.0 = Release|Any CPU
		{97A047E9-29DD-473B-865D-79C25653B229}.Debug|Any CPU.ActiveCfg = Debug|Any CPU
		{97A047E9-29DD-473B-865D-79C25653B229}.Debug|Any CPU.Build.0 = Debug|Any CPU
		{97A047E9-29DD-473B-865D-79C25653B229}.Release|Any CPU.ActiveCfg = Release|Any CPU
		{97A047E9-29DD-473B-865D-79C25653B229}.Release|Any CPU.Build.0 = Release|Any CPU
	EndGlobalSection
	GlobalSection(SolutionProperties) = preSolution
		HideSolutionNode = FALSE
	EndGlobalSection
	GlobalSection(ExtensibilityGlobals) = postSolution
		SolutionGuid = {05A50BF9-980B-418F-9AE5-29E699920E34}
	EndGlobalSection
EndGlobal
